<?xml version="1.0" encoding="utf-8"?>
<Project ToolsVersion="4.0" xmlns="http://schemas.microsoft.com/developer/msbuild/2003">
  <ItemGroup>
    <Filter Include="Archivos de origen">
      <UniqueIdentifier>{4FC737F1-C7A5-4376-A066-2A32D752A2FF}</UniqueIdentifier>
      <Extensions>cpp;c;cc;cxx;def;odl;idl;hpj;bat;asm;asmx</Extensions>
    </Filter>
    <Filter Include="Archivos de encabezado">
      <UniqueIdentifier>{93995380-89BD-4b04-88EB-625FBE52EBFB}</UniqueIdentifier>
      <Extensions>h;hh;hpp;hxx;hm;inl;inc;ipp;xsd</Extensions>
    </Filter>
    <Filter Include="Archivos de recursos">
      <UniqueIdentifier>{67DA6AB6-F800-4c08-8B7A-83BB121AAD01}</UniqueIdentifier>
      <Extensions>rc;ico;cur;bmp;dlg;rc2;rct;bin;rgs;gif;jpg;jpeg;jpe;resx;tiff;tif;png;wav;mfcribbon-ms</Extensions>
    </Filter>
  </ItemGroup>
  <ItemGroup>
    <ClCompile Include="src\api\openglclass.cpp">
      <Filter>Archivos de origen</Filter>
    </ClCompile>
    <ClCompile Include="src\graficos\camera\cameraclass.cpp">
      <Filter>Archivos de origen</Filter>
    </ClCompile>
    <ClCompile Include="src\graficos\camera\FPSCamara.cpp">
      <Filter>Archivos de origen</Filter>
    </ClCompile>
    <ClCompile Include="src\graficos\renderables\cubo.cpp">
      <Filter>Archivos de origen</Filter>
    </ClCompile>
    <ClCompile Include="src\graficos\graphicsclass.cpp">
      <Filter>Archivos de origen</Filter>
    </ClCompile>
    <ClCompile Include="src\graficos\lightclass.cpp">
      <Filter>Archivos de origen</Filter>
    </ClCompile>
    <ClCompile Include="src\graficos\lightshaderclass.cpp">
      <Filter>Archivos de origen</Filter>
    </ClCompile>
    <ClCompile Include="src\matematicas\mat4.cpp">
      <Filter>Archivos de origen</Filter>
    </ClCompile>
    <ClCompile Include="src\matematicas\Quaternion.cpp">
      <Filter>Archivos de origen</Filter>
    </ClCompile>
    <ClCompile Include="src\matematicas\vec2.cpp">
      <Filter>Archivos de origen</Filter>
    </ClCompile>
    <ClCompile Include="src\matematicas\vec3.cpp">
      <Filter>Archivos de origen</Filter>
    </ClCompile>
    <ClCompile Include="src\matematicas\vec4.cpp">
      <Filter>Archivos de origen</Filter>
    </ClCompile>
    <ClCompile Include="src\platform\InputGerente.cpp">
      <Filter>Archivos de origen</Filter>
    </ClCompile>
    <ClCompile Include="src\platform\Timer.cpp">
      <Filter>Archivos de origen</Filter>
    </ClCompile>
    <ClCompile Include="src\main.cpp">
      <Filter>Archivos de origen</Filter>
    </ClCompile>
    <ClCompile Include="src\platform\Application.cpp">
      <Filter>Archivos de origen</Filter>
    </ClCompile>
    <ClCompile Include="src\graficos\renderables\Geometrias.cpp">
      <Filter>Archivos de origen</Filter>
    </ClCompile>
    <ClCompile Include="src\graficos\renderables\Renderable.cpp">
      <Filter>Archivos de origen</Filter>
    </ClCompile>
    <ClCompile Include="src\graficos\renderables\Terreno.cpp">
      <Filter>Archivos de origen</Filter>
    </ClCompile>
    <ClCompile Include="src\graficos\renderables\SkyDome.cpp">
      <Filter>Archivos de origen</Filter>
    </ClCompile>
    <ClCompile Include="src\graficos\renderables\Water.cpp">
      <Filter>Archivos de origen</Filter>
    </ClCompile>
    <ClCompile Include="src\graficos\renderables\WaterFrameBuffers.cpp">
      <Filter>Archivos de origen</Filter>
    </ClCompile>
    <ClCompile Include="src\graficos\renderables\DebugTexture.cpp">
      <Filter>Archivos de origen</Filter>
    </ClCompile>
    <ClCompile Include="src\graficos\renderables\modelos\OBJModel.cpp">
      <Filter>Archivos de origen</Filter>
    </ClCompile>
    <ClCompile Include="src\graficos\renderables\modelos\OBJLoader.cpp">
      <Filter>Archivos de origen</Filter>
    </ClCompile>
    <ClCompile Include="src\graficos\renderables\modelos\OBJMesh.cpp">
      <Filter>Archivos de origen</Filter>
    </ClCompile>
    <ClCompile Include="src\graficos\renderables\modelos\SimpleOBJModel.cpp">
      <Filter>Archivos de origen</Filter>
    </ClCompile>
    <ClCompile Include="src\graficos\renderables\Billboard.cpp">
      <Filter>Archivos de origen</Filter>
    </ClCompile>
  </ItemGroup>
  <ItemGroup>
    <ClInclude Include="src\api\openglclass.h">
      <Filter>Archivos de encabezado</Filter>
    </ClInclude>
    <ClInclude Include="src\graficos\camera\cameraclass.h">
      <Filter>Archivos de encabezado</Filter>
    </ClInclude>
    <ClInclude Include="src\graficos\camera\FPSCamara.h">
      <Filter>Archivos de encabezado</Filter>
    </ClInclude>
    <ClInclude Include="src\graficos\renderables\cubo.h">
      <Filter>Archivos de encabezado</Filter>
    </ClInclude>
    <ClInclude Include="src\graficos\graphicsclass.h">
      <Filter>Archivos de encabezado</Filter>
    </ClInclude>
    <ClInclude Include="src\graficos\Imagenes.h">
      <Filter>Archivos de encabezado</Filter>
    </ClInclude>
    <ClInclude Include="src\graficos\lightclass.h">
      <Filter>Archivos de encabezado</Filter>
    </ClInclude>
    <ClInclude Include="src\graficos\lightshaderclass.h">
      <Filter>Archivos de encabezado</Filter>
    </ClInclude>
    <ClInclude Include="src\matematicas\mat4.h">
      <Filter>Archivos de encabezado</Filter>
    </ClInclude>
    <ClInclude Include="src\matematicas\Quaternion.h">
      <Filter>Archivos de encabezado</Filter>
    </ClInclude>
    <ClInclude Include="src\matematicas\vec2.h">
      <Filter>Archivos de encabezado</Filter>
    </ClInclude>
    <ClInclude Include="src\matematicas\vec3.h">
      <Filter>Archivos de encabezado</Filter>
    </ClInclude>
    <ClInclude Include="src\matematicas\vec4.h">
      <Filter>Archivos de encabezado</Filter>
    </ClInclude>
    <ClInclude Include="src\matematicas\VectorRR.h">
      <Filter>Archivos de encabezado</Filter>
    </ClInclude>
    <ClInclude Include="src\platform\GamepadRR.h">
      <Filter>Archivos de encabezado</Filter>
    </ClInclude>
    <ClInclude Include="src\platform\InputGerente.h">
      <Filter>Archivos de encabezado</Filter>
    </ClInclude>
    <ClInclude Include="src\platform\Timer.h">
      <Filter>Archivos de encabezado</Filter>
    </ClInclude>
    <ClInclude Include="src\graficos\renderables\Renderable.h">
      <Filter>Archivos de encabezado</Filter>
    </ClInclude>
    <ClInclude Include="src\platform\Application.h">
      <Filter>Archivos de encabezado</Filter>
    </ClInclude>
    <ClInclude Include="src\graficos\renderables\Geometrias.h">
      <Filter>Archivos de encabezado</Filter>
    </ClInclude>
    <ClInclude Include="src\graficos\renderables\Terreno.h">
      <Filter>Archivos de encabezado</Filter>
    </ClInclude>
    <ClInclude Include="src\graficos\renderables\SkyDome.h">
      <Filter>Archivos de encabezado</Filter>
    </ClInclude>
    <ClInclude Include="src\graficos\renderables\Water.h">
      <Filter>Archivos de encabezado</Filter>
    </ClInclude>
    <ClInclude Include="src\graficos\renderables\WaterFrameBuffers.h">
      <Filter>Archivos de encabezado</Filter>
    </ClInclude>
    <ClInclude Include="src\graficos\renderables\DebugTexture.h">
      <Filter>Archivos de encabezado</Filter>
    </ClInclude>
    <ClInclude Include="src\graficos\renderables\modelos\OBJLoader.h">
      <Filter>Archivos de encabezado</Filter>
    </ClInclude>
    <ClInclude Include="src\graficos\renderables\modelos\OBJModel.h">
      <Filter>Archivos de encabezado</Filter>
    </ClInclude>
    <ClInclude Include="src\graficos\renderables\modelos\OBJMesh.h">
      <Filter>Archivos de encabezado</Filter>
    </ClInclude>
    <ClInclude Include="src\graficos\renderables\modelos\SimpleOBJModel.h">
      <Filter>Archivos de encabezado</Filter>
    </ClInclude>
    <ClInclude Include="src\graficos\renderables\Billboard.h">
      <Filter>Archivos de encabezado</Filter>
    </ClInclude>
  </ItemGroup>
  <ItemGroup>
    <None Include="shaders\cubo.vs" />
    <None Include="shaders\cubo.ps" />
    <None Include="shaders\water.vs" />
    <None Include="shaders\water.ps" />
    <None Include="shaders\DebugTexture.vs" />
    <None Include="shaders\DebugTexture.ps" />
    <None Include="shaders\AdvancedLighting.vs" />
    <None Include="shaders\AdvancedLighting.ps" />
    <None Include="shaders\SimpleObject.vs" />
    <None Include="shaders\SimpleObject.ps" />
  </ItemGroup>
</Project>